
Microsoft Visual Studio Solution File, Format Version 12.00
# Visual Studio 2013
VisualStudioVersion = 12.0.31101.0
MinimumVisualStudioVersion = 10.0.40219.1
Project("{2150E333-8FDC-42A3-9474-1A3956D46DE8}") = "Source", "Source", "{CE9FAD52-6B5C-41D8-ADEC-FBBC8ACC12EA}"
EndProject
Project("{2150E333-8FDC-42A3-9474-1A3956D46DE8}") = "Web", "Web", "{3EF6F32E-B961-44E6-80DC-8335A9244E91}"
EndProject
Project("{FAE04EC0-301F-11D3-BF4B-00C04F79EFBC}") = "MugStore.Web", "Web\MugStore.Web\MugStore.Web.csproj", "{C99199FC-68A4-483A-965C-CB708033158D}"
EndProject
Project("{2150E333-8FDC-42A3-9474-1A3956D46DE8}") = "Data", "Data", "{DC384607-946D-4D86-A786-CCAACC9CEFDB}"
EndProject
Project("{FAE04EC0-301F-11D3-BF4B-00C04F79EFBC}") = "MugStore.Data.Models", "Data\MugStore.Data.Models\MugStore.Data.Models.csproj", "{E799D518-1B2B-451D-BEDA-A197966D078E}"
EndProject
Project("{FAE04EC0-301F-11D3-BF4B-00C04F79EFBC}") = "MugStore.Data.Common", "Data\MugStore.Data.Common\MugStore.Data.Common.csproj", "{F4F37BE5-7D17-468E-9632-D35121FB9086}"
EndProject
Project("{FAE04EC0-301F-11D3-BF4B-00C04F79EFBC}") = "MugStore.Data", "Data\MugStore.Data\MugStore.Data.csproj", "{C53C19B4-129C-4F5A-9DB0-4E090B26175F}"
EndProject
Global
	GlobalSection(SolutionConfigurationPlatforms) = preSolution
		Debug|Any CPU = Debug|Any CPU
		Release|Any CPU = Release|Any CPU
	EndGlobalSection
	GlobalSection(ProjectConfigurationPlatforms) = postSolution
		{C99199FC-68A4-483A-965C-CB708033158D}.Debug|Any CPU.ActiveCfg = Debug|Any CPU
		{C99199FC-68A4-483A-965C-CB708033158D}.Debug|Any CPU.Build.0 = Debug|Any CPU
		{C99199FC-68A4-483A-965C-CB708033158D}.Release|Any CPU.ActiveCfg = Release|Any CPU
		{C99199FC-68A4-483A-965C-CB708033158D}.Release|Any CPU.Build.0 = Release|Any CPU
		{E799D518-1B2B-451D-BEDA-A197966D078E}.Debug|Any CPU.ActiveCfg = Debug|Any CPU
		{E799D518-1B2B-451D-BEDA-A197966D078E}.Debug|Any CPU.Build.0 = Debug|Any CPU
		{E799D518-1B2B-451D-BEDA-A197966D078E}.Release|Any CPU.ActiveCfg = Release|Any CPU
		{E799D518-1B2B-451D-BEDA-A197966D078E}.Release|Any CPU.Build.0 = Release|Any CPU
		{F4F37BE5-7D17-468E-9632-D35121FB9086}.Debug|Any CPU.ActiveCfg = Debug|Any CPU
		{F4F37BE5-7D17-468E-9632-D35121FB9086}.Debug|Any CPU.Build.0 = Debug|Any CPU
		{F4F37BE5-7D17-468E-9632-D35121FB9086}.Release|Any CPU.ActiveCfg = Release|Any CPU
		{F4F37BE5-7D17-468E-9632-D35121FB9086}.Release|Any CPU.Build.0 = Release|Any CPU
		{C53C19B4-129C-4F5A-9DB0-4E090B26175F}.Debug|Any CPU.ActiveCfg = Debug|Any CPU
		{C53C19B4-129C-4F5A-9DB0-4E090B26175F}.Debug|Any CPU.Build.0 = Debug|Any CPU
		{C53C19B4-129C-4F5A-9DB0-4E090B26175F}.Release|Any CPU.ActiveCfg = Release|Any CPU
		{C53C19B4-129C-4F5A-9DB0-4E090B26175F}.Release|Any CPU.Build.0 = Release|Any CPU
	EndGlobalSection
	GlobalSection(SolutionProperties) = preSolution
		HideSolutionNode = FALSE
	EndGlobalSection
	GlobalSection(NestedProjects) = preSolution
		{3EF6F32E-B961-44E6-80DC-8335A9244E91} = {CE9FAD52-6B5C-41D8-ADEC-FBBC8ACC12EA}
		{C99199FC-68A4-483A-965C-CB708033158D} = {3EF6F32E-B961-44E6-80DC-8335A9244E91}
		{DC384607-946D-4D86-A786-CCAACC9CEFDB} = {CE9FAD52-6B5C-41D8-ADEC-FBBC8ACC12EA}
		{E799D518-1B2B-451D-BEDA-A197966D078E} = {DC384607-946D-4D86-A786-CCAACC9CEFDB}
		{F4F37BE5-7D17-468E-9632-D35121FB9086} = {DC384607-946D-4D86-A786-CCAACC9CEFDB}
		{C53C19B4-129C-4F5A-9DB0-4E090B26175F} = {DC384607-946D-4D86-A786-CCAACC9CEFDB}
	EndGlobalSection
EndGlobal
